// !$*UTF8*$!
{
	archiveVersion = 1;
	classes = {
	};
	objectVersion = 56;
	objects = {

/* Begin PBXBuildFile section */
		916BE74529468B7A008E5121 /* Argument+Extension.swift in Sources */ = {isa = PBXBuildFile; fileRef = 916BE74429468B7A008E5121 /* Argument+Extension.swift */; };
		918292112945E08E001F6DF3 /* DebateApp.swift in Sources */ = {isa = PBXBuildFile; fileRef = 918292102945E08E001F6DF3 /* DebateApp.swift */; };
		918292152945E08E001F6DF3 /* Assets.xcassets in Resources */ = {isa = PBXBuildFile; fileRef = 918292142945E08E001F6DF3 /* Assets.xcassets */; };
		918292192945E08E001F6DF3 /* Preview Assets.xcassets in Resources */ = {isa = PBXBuildFile; fileRef = 918292182945E08E001F6DF3 /* Preview Assets.xcassets */; };
		918292232945E08E001F6DF3 /* DebateTests.swift in Sources */ = {isa = PBXBuildFile; fileRef = 918292222945E08E001F6DF3 /* DebateTests.swift */; };
		9182922D2945E08E001F6DF3 /* DebateUITests.swift in Sources */ = {isa = PBXBuildFile; fileRef = 9182922C2945E08E001F6DF3 /* DebateUITests.swift */; };
		9182922F2945E08E001F6DF3 /* DebateUITestsLaunchTests.swift in Sources */ = {isa = PBXBuildFile; fileRef = 9182922E2945E08E001F6DF3 /* DebateUITestsLaunchTests.swift */; };
		918292402945E0D5001F6DF3 /* Persistence.swift in Sources */ = {isa = PBXBuildFile; fileRef = 9182923B2945E0D5001F6DF3 /* Persistence.swift */; };
		918292412945E0D5001F6DF3 /* DataserviceProtocol.swift in Sources */ = {isa = PBXBuildFile; fileRef = 9182923C2945E0D5001F6DF3 /* DataserviceProtocol.swift */; };
		918292422945E0D5001F6DF3 /* CoreDataService.swift in Sources */ = {isa = PBXBuildFile; fileRef = 9182923D2945E0D5001F6DF3 /* CoreDataService.swift */; };
		918292432945E0D5001F6DF3 /* CoreDataModel.xcdatamodeld in Sources */ = {isa = PBXBuildFile; fileRef = 9182923E2945E0D5001F6DF3 /* CoreDataModel.xcdatamodeld */; };
		918292482945E2D1001F6DF3 /* Category.swift in Sources */ = {isa = PBXBuildFile; fileRef = 918292472945E2D1001F6DF3 /* Category.swift */; };
		9182924A2945E4E6001F6DF3 /* TopicListVM.swift in Sources */ = {isa = PBXBuildFile; fileRef = 918292492945E4E6001F6DF3 /* TopicListVM.swift */; };
		9182924C2945EBB8001F6DF3 /* TopicListView.swift in Sources */ = {isa = PBXBuildFile; fileRef = 9182924B2945EBB8001F6DF3 /* TopicListView.swift */; };
		9182924E2945ECB3001F6DF3 /* Topic+Extensions.swift in Sources */ = {isa = PBXBuildFile; fileRef = 9182924D2945ECB3001F6DF3 /* Topic+Extensions.swift */; };
		9182925229462382001F6DF3 /* ArgumentListVM.swift in Sources */ = {isa = PBXBuildFile; fileRef = 9182925129462382001F6DF3 /* ArgumentListVM.swift */; };
		918292542946284F001F6DF3 /* ArgumentListView.swift in Sources */ = {isa = PBXBuildFile; fileRef = 918292532946284F001F6DF3 /* ArgumentListView.swift */; };
		918292562946287C001F6DF3 /* ArgumentView.swift in Sources */ = {isa = PBXBuildFile; fileRef = 918292552946287C001F6DF3 /* ArgumentView.swift */; };
		9182925829462C47001F6DF3 /* TopicDetail.swift in Sources */ = {isa = PBXBuildFile; fileRef = 9182925729462C47001F6DF3 /* TopicDetail.swift */; };
/* End PBXBuildFile section */

/* Begin PBXContainerItemProxy section */
		9182921F2945E08E001F6DF3 /* PBXContainerItemProxy */ = {
			isa = PBXContainerItemProxy;
			containerPortal = 918292052945E08D001F6DF3 /* Project object */;
			proxyType = 1;
			remoteGlobalIDString = 9182920C2945E08E001F6DF3;
			remoteInfo = Debate;
		};
		918292292945E08E001F6DF3 /* PBXContainerItemProxy */ = {
			isa = PBXContainerItemProxy;
			containerPortal = 918292052945E08D001F6DF3 /* Project object */;
			proxyType = 1;
			remoteGlobalIDString = 9182920C2945E08E001F6DF3;
			remoteInfo = Debate;
		};
/* End PBXContainerItemProxy section */

/* Begin PBXFileReference section */
		916BE74429468B7A008E5121 /* Argument+Extension.swift */ = {isa = PBXFileReference; lastKnownFileType = sourcecode.swift; path = "Argument+Extension.swift"; sourceTree = "<group>"; };
		9182920D2945E08E001F6DF3 /* Debate.app */ = {isa = PBXFileReference; explicitFileType = wrapper.application; includeInIndex = 0; path = Debate.app; sourceTree = BUILT_PRODUCTS_DIR; };
		918292102945E08E001F6DF3 /* DebateApp.swift */ = {isa = PBXFileReference; lastKnownFileType = sourcecode.swift; path = DebateApp.swift; sourceTree = "<group>"; };
		918292142945E08E001F6DF3 /* Assets.xcassets */ = {isa = PBXFileReference; lastKnownFileType = folder.assetcatalog; path = Assets.xcassets; sourceTree = "<group>"; };
		918292162945E08E001F6DF3 /* Debate.entitlements */ = {isa = PBXFileReference; lastKnownFileType = text.plist.entitlements; path = Debate.entitlements; sourceTree = "<group>"; };
		918292182945E08E001F6DF3 /* Preview Assets.xcassets */ = {isa = PBXFileReference; lastKnownFileType = folder.assetcatalog; path = "Preview Assets.xcassets"; sourceTree = "<group>"; };
		9182921E2945E08E001F6DF3 /* DebateTests.xctest */ = {isa = PBXFileReference; explicitFileType = wrapper.cfbundle; includeInIndex = 0; path = DebateTests.xctest; sourceTree = BUILT_PRODUCTS_DIR; };
		918292222945E08E001F6DF3 /* DebateTests.swift */ = {isa = PBXFileReference; lastKnownFileType = sourcecode.swift; path = DebateTests.swift; sourceTree = "<group>"; };
		918292282945E08E001F6DF3 /* DebateUITests.xctest */ = {isa = PBXFileReference; explicitFileType = wrapper.cfbundle; includeInIndex = 0; path = DebateUITests.xctest; sourceTree = BUILT_PRODUCTS_DIR; };
		9182922C2945E08E001F6DF3 /* DebateUITests.swift */ = {isa = PBXFileReference; lastKnownFileType = sourcecode.swift; path = DebateUITests.swift; sourceTree = "<group>"; };
		9182922E2945E08E001F6DF3 /* DebateUITestsLaunchTests.swift */ = {isa = PBXFileReference; lastKnownFileType = sourcecode.swift; path = DebateUITestsLaunchTests.swift; sourceTree = "<group>"; };
		9182923B2945E0D5001F6DF3 /* Persistence.swift */ = {isa = PBXFileReference; fileEncoding = 4; lastKnownFileType = sourcecode.swift; path = Persistence.swift; sourceTree = "<group>"; };
		9182923C2945E0D5001F6DF3 /* DataserviceProtocol.swift */ = {isa = PBXFileReference; fileEncoding = 4; lastKnownFileType = sourcecode.swift; path = DataserviceProtocol.swift; sourceTree = "<group>"; };
		9182923D2945E0D5001F6DF3 /* CoreDataService.swift */ = {isa = PBXFileReference; fileEncoding = 4; lastKnownFileType = sourcecode.swift; path = CoreDataService.swift; sourceTree = "<group>"; };
		9182923F2945E0D5001F6DF3 /* CoreDataModel.xcdatamodel */ = {isa = PBXFileReference; lastKnownFileType = wrapper.xcdatamodel; path = CoreDataModel.xcdatamodel; sourceTree = "<group>"; };
		918292472945E2D1001F6DF3 /* Category.swift */ = {isa = PBXFileReference; lastKnownFileType = sourcecode.swift; path = Category.swift; sourceTree = "<group>"; };
		918292492945E4E6001F6DF3 /* TopicListVM.swift */ = {isa = PBXFileReference; lastKnownFileType = sourcecode.swift; path = TopicListVM.swift; sourceTree = "<group>"; };
		9182924B2945EBB8001F6DF3 /* TopicListView.swift */ = {isa = PBXFileReference; lastKnownFileType = sourcecode.swift; path = TopicListView.swift; sourceTree = "<group>"; };
		9182924D2945ECB3001F6DF3 /* Topic+Extensions.swift */ = {isa = PBXFileReference; lastKnownFileType = sourcecode.swift; path = "Topic+Extensions.swift"; sourceTree = "<group>"; };
		9182925129462382001F6DF3 /* ArgumentListVM.swift */ = {isa = PBXFileReference; lastKnownFileType = sourcecode.swift; path = ArgumentListVM.swift; sourceTree = "<group>"; };
		918292532946284F001F6DF3 /* ArgumentListView.swift */ = {isa = PBXFileReference; lastKnownFileType = sourcecode.swift; path = ArgumentListView.swift; sourceTree = "<group>"; };
		918292552946287C001F6DF3 /* ArgumentView.swift */ = {isa = PBXFileReference; lastKnownFileType = sourcecode.swift; path = ArgumentView.swift; sourceTree = "<group>"; };
		9182925729462C47001F6DF3 /* TopicDetail.swift */ = {isa = PBXFileReference; lastKnownFileType = sourcecode.swift; path = TopicDetail.swift; sourceTree = "<group>"; };
/* End PBXFileReference section */

/* Begin PBXFrameworksBuildPhase section */
		9182920A2945E08E001F6DF3 /* Frameworks */ = {
			isa = PBXFrameworksBuildPhase;
			buildActionMask = 2147483647;
			files = (
			);
			runOnlyForDeploymentPostprocessing = 0;
		};
		9182921B2945E08E001F6DF3 /* Frameworks */ = {
			isa = PBXFrameworksBuildPhase;
			buildActionMask = 2147483647;
			files = (
			);
			runOnlyForDeploymentPostprocessing = 0;
		};
		918292252945E08E001F6DF3 /* Frameworks */ = {
			isa = PBXFrameworksBuildPhase;
			buildActionMask = 2147483647;
			files = (
			);
			runOnlyForDeploymentPostprocessing = 0;
		};
/* End PBXFrameworksBuildPhase section */

/* Begin PBXGroup section */
		918292042945E08D001F6DF3 = {
			isa = PBXGroup;
			children = (
				9182920F2945E08E001F6DF3 /* Debate */,
				918292212945E08E001F6DF3 /* DebateTests */,
				9182922B2945E08E001F6DF3 /* DebateUITests */,
				9182920E2945E08E001F6DF3 /* Products */,
			);
			sourceTree = "<group>";
		};
		9182920E2945E08E001F6DF3 /* Products */ = {
			isa = PBXGroup;
			children = (
				9182920D2945E08E001F6DF3 /* Debate.app */,
				9182921E2945E08E001F6DF3 /* DebateTests.xctest */,
				918292282945E08E001F6DF3 /* DebateUITests.xctest */,
			);
			name = Products;
			sourceTree = "<group>";
		};
		9182920F2945E08E001F6DF3 /* Debate */ = {
			isa = PBXGroup;
			children = (
				918292442945E0EF001F6DF3 /* CoreData */,
				918292102945E08E001F6DF3 /* DebateApp.swift */,
				9182924B2945EBB8001F6DF3 /* TopicListView.swift */,
				9182925729462C47001F6DF3 /* TopicDetail.swift */,
				918292552946287C001F6DF3 /* ArgumentView.swift */,
				918292532946284F001F6DF3 /* ArgumentListView.swift */,
				9182925129462382001F6DF3 /* ArgumentListVM.swift */,
				918292492945E4E6001F6DF3 /* TopicListVM.swift */,
				918292142945E08E001F6DF3 /* Assets.xcassets */,
				918292162945E08E001F6DF3 /* Debate.entitlements */,
				918292172945E08E001F6DF3 /* Preview Content */,
			);
			path = Debate;
			sourceTree = "<group>";
		};
		918292172945E08E001F6DF3 /* Preview Content */ = {
			isa = PBXGroup;
			children = (
				918292182945E08E001F6DF3 /* Preview Assets.xcassets */,
			);
			path = "Preview Content";
			sourceTree = "<group>";
		};
		918292212945E08E001F6DF3 /* DebateTests */ = {
			isa = PBXGroup;
			children = (
				918292222945E08E001F6DF3 /* DebateTests.swift */,
			);
			path = DebateTests;
			sourceTree = "<group>";
		};
		9182922B2945E08E001F6DF3 /* DebateUITests */ = {
			isa = PBXGroup;
			children = (
				9182922C2945E08E001F6DF3 /* DebateUITests.swift */,
				9182922E2945E08E001F6DF3 /* DebateUITestsLaunchTests.swift */,
			);
			path = DebateUITests;
			sourceTree = "<group>";
		};
		918292442945E0EF001F6DF3 /* CoreData */ = {
			isa = PBXGroup;
			children = (
				9182923E2945E0D5001F6DF3 /* CoreDataModel.xcdatamodeld */,
				916BE74429468B7A008E5121 /* Argument+Extension.swift */,
				918292472945E2D1001F6DF3 /* Category.swift */,
				9182924D2945ECB3001F6DF3 /* Topic+Extensions.swift */,
				9182923D2945E0D5001F6DF3 /* CoreDataService.swift */,
				9182923C2945E0D5001F6DF3 /* DataserviceProtocol.swift */,
				9182923B2945E0D5001F6DF3 /* Persistence.swift */,
			);
			path = CoreData;
			sourceTree = "<group>";
		};
/* End PBXGroup section */

/* Begin PBXNativeTarget section */
		9182920C2945E08E001F6DF3 /* Debate */ = {
			isa = PBXNativeTarget;
			buildConfigurationList = 918292322945E08E001F6DF3 /* Build configuration list for PBXNativeTarget "Debate" */;
			buildPhases = (
				918292092945E08E001F6DF3 /* Sources */,
				9182920A2945E08E001F6DF3 /* Frameworks */,
				9182920B2945E08E001F6DF3 /* Resources */,
			);
			buildRules = (
			);
			dependencies = (
			);
			name = Debate;
			productName = Debate;
			productReference = 9182920D2945E08E001F6DF3 /* Debate.app */;
			productType = "com.apple.product-type.application";
		};
		9182921D2945E08E001F6DF3 /* DebateTests */ = {
			isa = PBXNativeTarget;
			buildConfigurationList = 918292352945E08E001F6DF3 /* Build configuration list for PBXNativeTarget "DebateTests" */;
			buildPhases = (
				9182921A2945E08E001F6DF3 /* Sources */,
				9182921B2945E08E001F6DF3 /* Frameworks */,
				9182921C2945E08E001F6DF3 /* Resources */,
			);
			buildRules = (
			);
			dependencies = (
				918292202945E08E001F6DF3 /* PBXTargetDependency */,
			);
			name = DebateTests;
			productName = DebateTests;
			productReference = 9182921E2945E08E001F6DF3 /* DebateTests.xctest */;
			productType = "com.apple.product-type.bundle.unit-test";
		};
		918292272945E08E001F6DF3 /* DebateUITests */ = {
			isa = PBXNativeTarget;
			buildConfigurationList = 918292382945E08E001F6DF3 /* Build configuration list for PBXNativeTarget "DebateUITests" */;
			buildPhases = (
				918292242945E08E001F6DF3 /* Sources */,
				918292252945E08E001F6DF3 /* Frameworks */,
				918292262945E08E001F6DF3 /* Resources */,
			);
			buildRules = (
			);
			dependencies = (
				9182922A2945E08E001F6DF3 /* PBXTargetDependency */,
			);
			name = DebateUITests;
			productName = DebateUITests;
			productReference = 918292282945E08E001F6DF3 /* DebateUITests.xctest */;
			productType = "com.apple.product-type.bundle.ui-testing";
		};
/* End PBXNativeTarget section */

/* Begin PBXProject section */
		918292052945E08D001F6DF3 /* Project object */ = {
			isa = PBXProject;
			attributes = {
				BuildIndependentTargetsInParallel = 1;
				LastSwiftUpdateCheck = 1410;
				LastUpgradeCheck = 1410;
				TargetAttributes = {
					9182920C2945E08E001F6DF3 = {
						CreatedOnToolsVersion = 14.1;
					};
					9182921D2945E08E001F6DF3 = {
						CreatedOnToolsVersion = 14.1;
						TestTargetID = 9182920C2945E08E001F6DF3;
					};
					918292272945E08E001F6DF3 = {
						CreatedOnToolsVersion = 14.1;
						TestTargetID = 9182920C2945E08E001F6DF3;
					};
				};
			};
			buildConfigurationList = 918292082945E08D001F6DF3 /* Build configuration list for PBXProject "Debate" */;
			compatibilityVersion = "Xcode 14.0";
			developmentRegion = en;
			hasScannedForEncodings = 0;
			knownRegions = (
				en,
				Base,
			);
			mainGroup = 918292042945E08D001F6DF3;
			productRefGroup = 9182920E2945E08E001F6DF3 /* Products */;
			projectDirPath = "";
			projectRoot = "";
			targets = (
				9182920C2945E08E001F6DF3 /* Debate */,
				9182921D2945E08E001F6DF3 /* DebateTests */,
				918292272945E08E001F6DF3 /* DebateUITests */,
			);
		};
/* End PBXProject section */

/* Begin PBXResourcesBuildPhase section */
		9182920B2945E08E001F6DF3 /* Resources */ = {
			isa = PBXResourcesBuildPhase;
			buildActionMask = 2147483647;
			files = (
				918292192945E08E001F6DF3 /* Preview Assets.xcassets in Resources */,
				918292152945E08E001F6DF3 /* Assets.xcassets in Resources */,
			);
			runOnlyForDeploymentPostprocessing = 0;
		};
		9182921C2945E08E001F6DF3 /* Resources */ = {
			isa = PBXResourcesBuildPhase;
			buildActionMask = 2147483647;
			files = (
			);
			runOnlyForDeploymentPostprocessing = 0;
		};
		918292262945E08E001F6DF3 /* Resources */ = {
			isa = PBXResourcesBuildPhase;
			buildActionMask = 2147483647;
			files = (
			);
			runOnlyForDeploymentPostprocessing = 0;
		};
/* End PBXResourcesBuildPhase section */

/* Begin PBXSourcesBuildPhase section */
		918292092945E08E001F6DF3 /* Sources */ = {
			isa = PBXSourcesBuildPhase;
			buildActionMask = 2147483647;
			files = (
				9182924C2945EBB8001F6DF3 /* TopicListView.swift in Sources */,
				918292402945E0D5001F6DF3 /* Persistence.swift in Sources */,
				9182925829462C47001F6DF3 /* TopicDetail.swift in Sources */,
				918292412945E0D5001F6DF3 /* DataserviceProtocol.swift in Sources */,
				918292432945E0D5001F6DF3 /* CoreDataModel.xcdatamodeld in Sources */,
				9182925229462382001F6DF3 /* ArgumentListVM.swift in Sources */,
				9182924A2945E4E6001F6DF3 /* TopicListVM.swift in Sources */,
				918292542946284F001F6DF3 /* ArgumentListView.swift in Sources */,
				918292422945E0D5001F6DF3 /* CoreDataService.swift in Sources */,
				918292112945E08E001F6DF3 /* DebateApp.swift in Sources */,
				9182924E2945ECB3001F6DF3 /* Topic+Extensions.swift in Sources */,
				916BE74529468B7A008E5121 /* Argument+Extension.swift in Sources */,
				918292482945E2D1001F6DF3 /* Category.swift in Sources */,
				918292562946287C001F6DF3 /* ArgumentView.swift in Sources */,
			);
			runOnlyForDeploymentPostprocessing = 0;
		};
		9182921A2945E08E001F6DF3 /* Sources */ = {
			isa = PBXSourcesBuildPhase;
			buildActionMask = 2147483647;
			files = (
				918292232945E08E001F6DF3 /* DebateTests.swift in Sources */,
			);
			runOnlyForDeploymentPostprocessing = 0;
		};
		918292242945E08E001F6DF3 /* Sources */ = {
			isa = PBXSourcesBuildPhase;
			buildActionMask = 2147483647;
			files = (
				9182922D2945E08E001F6DF3 /* DebateUITests.swift in Sources */,
				9182922F2945E08E001F6DF3 /* DebateUITestsLaunchTests.swift in Sources */,
			);
			runOnlyForDeploymentPostprocessing = 0;
		};
/* End PBXSourcesBuildPhase section */

/* Begin PBXTargetDependency section */
		918292202945E08E001F6DF3 /* PBXTargetDependency */ = {
			isa = PBXTargetDependency;
			target = 9182920C2945E08E001F6DF3 /* Debate */;
			targetProxy = 9182921F2945E08E001F6DF3 /* PBXContainerItemProxy */;
		};
		9182922A2945E08E001F6DF3 /* PBXTargetDependency */ = {
			isa = PBXTargetDependency;
			target = 9182920C2945E08E001F6DF3 /* Debate */;
			targetProxy = 918292292945E08E001F6DF3 /* PBXContainerItemProxy */;
		};
/* End PBXTargetDependency section */

/* Begin XCBuildConfiguration section */
		918292302945E08E001F6DF3 /* Debug */ = {
			isa = XCBuildConfiguration;
			buildSettings = {
				ALWAYS_SEARCH_USER_PATHS = NO;
				CLANG_ANALYZER_NONNULL = YES;
				CLANG_ANALYZER_NUMBER_OBJECT_CONVERSION = YES_AGGRESSIVE;
				CLANG_CXX_LANGUAGE_STANDARD = "gnu++20";
				CLANG_ENABLE_MODULES = YES;
				CLANG_ENABLE_OBJC_ARC = YES;
				CLANG_ENABLE_OBJC_WEAK = YES;
				CLANG_WARN_BLOCK_CAPTURE_AUTORELEASING = YES;
				CLANG_WARN_BOOL_CONVERSION = YES;
				CLANG_WARN_COMMA = YES;
				CLANG_WARN_CONSTANT_CONVERSION = YES;
				CLANG_WARN_DEPRECATED_OBJC_IMPLEMENTATIONS = YES;
				CLANG_WARN_DIRECT_OBJC_ISA_USAGE = YES_ERROR;
				CLANG_WARN_DOCUMENTATION_COMMENTS = YES;
				CLANG_WARN_EMPTY_BODY = YES;
				CLANG_WARN_ENUM_CONVERSION = YES;
				CLANG_WARN_INFINITE_RECURSION = YES;
				CLANG_WARN_INT_CONVERSION = YES;
				CLANG_WARN_NON_LITERAL_NULL_CONVERSION = YES;
				CLANG_WARN_OBJC_IMPLICIT_RETAIN_SELF = YES;
				CLANG_WARN_OBJC_LITERAL_CONVERSION = YES;
				CLANG_WARN_OBJC_ROOT_CLASS = YES_ERROR;
				CLANG_WARN_QUOTED_INCLUDE_IN_FRAMEWORK_HEADER = YES;
				CLANG_WARN_RANGE_LOOP_ANALYSIS = YES;
				CLANG_WARN_STRICT_PROTOTYPES = YES;
				CLANG_WARN_SUSPICIOUS_MOVE = YES;
				CLANG_WARN_UNGUARDED_AVAILABILITY = YES_AGGRESSIVE;
				CLANG_WARN_UNREACHABLE_CODE = YES;
				CLANG_WARN__DUPLICATE_METHOD_MATCH = YES;
				COPY_PHASE_STRIP = NO;
				DEBUG_INFORMATION_FORMAT = dwarf;
				ENABLE_STRICT_OBJC_MSGSEND = YES;
				ENABLE_TESTABILITY = YES;
				GCC_C_LANGUAGE_STANDARD = gnu11;
				GCC_DYNAMIC_NO_PIC = NO;
				GCC_NO_COMMON_BLOCKS = YES;
				GCC_OPTIMIZATION_LEVEL = 0;
				GCC_PREPROCESSOR_DEFINITIONS = (
					"DEBUG=1",
					"$(inherited)",
				);
				GCC_WARN_64_TO_32_BIT_CONVERSION = YES;
				GCC_WARN_ABOUT_RETURN_TYPE = YES_ERROR;
				GCC_WARN_UNDECLARED_SELECTOR = YES;
				GCC_WARN_UNINITIALIZED_AUTOS = YES_AGGRESSIVE;
				GCC_WARN_UNUSED_FUNCTION = YES;
				GCC_WARN_UNUSED_VARIABLE = YES;
				MTL_ENABLE_DEBUG_INFO = INCLUDE_SOURCE;
				MTL_FAST_MATH = YES;
				ONLY_ACTIVE_ARCH = YES;
				SWIFT_ACTIVE_COMPILATION_CONDITIONS = DEBUG;
				SWIFT_OPTIMIZATION_LEVEL = "-Onone";
			};
			name = Debug;
		};
		918292312945E08E001F6DF3 /* Release */ = {
			isa = XCBuildConfiguration;
			buildSettings = {
				ALWAYS_SEARCH_USER_PATHS = NO;
				CLANG_ANALYZER_NONNULL = YES;
				CLANG_ANALYZER_NUMBER_OBJECT_CONVERSION = YES_AGGRESSIVE;
				CLANG_CXX_LANGUAGE_STANDARD = "gnu++20";
				CLANG_ENABLE_MODULES = YES;
				CLANG_ENABLE_OBJC_ARC = YES;
				CLANG_ENABLE_OBJC_WEAK = YES;
				CLANG_WARN_BLOCK_CAPTURE_AUTORELEASING = YES;
				CLANG_WARN_BOOL_CONVERSION = YES;
				CLANG_WARN_COMMA = YES;
				CLANG_WARN_CONSTANT_CONVERSION = YES;
				CLANG_WARN_DEPRECATED_OBJC_IMPLEMENTATIONS = YES;
				CLANG_WARN_DIRECT_OBJC_ISA_USAGE = YES_ERROR;
				CLANG_WARN_DOCUMENTATION_COMMENTS = YES;
				CLANG_WARN_EMPTY_BODY = YES;
				CLANG_WARN_ENUM_CONVERSION = YES;
				CLANG_WARN_INFINITE_RECURSION = YES;
				CLANG_WARN_INT_CONVERSION = YES;
				CLANG_WARN_NON_LITERAL_NULL_CONVERSION = YES;
				CLANG_WARN_OBJC_IMPLICIT_RETAIN_SELF = YES;
				CLANG_WARN_OBJC_LITERAL_CONVERSION = YES;
				CLANG_WARN_OBJC_ROOT_CLASS = YES_ERROR;
				CLANG_WARN_QUOTED_INCLUDE_IN_FRAMEWORK_HEADER = YES;
				CLANG_WARN_RANGE_LOOP_ANALYSIS = YES;
				CLANG_WARN_STRICT_PROTOTYPES = YES;
				CLANG_WARN_SUSPICIOUS_MOVE = YES;
				CLANG_WARN_UNGUARDED_AVAILABILITY = YES_AGGRESSIVE;
				CLANG_WARN_UNREACHABLE_CODE = YES;
				CLANG_WARN__DUPLICATE_METHOD_MATCH = YES;
				COPY_PHASE_STRIP = NO;
				DEBUG_INFORMATION_FORMAT = "dwarf-with-dsym";
				ENABLE_NS_ASSERTIONS = NO;
				ENABLE_STRICT_OBJC_MSGSEND = YES;
				GCC_C_LANGUAGE_STANDARD = gnu11;
				GCC_NO_COMMON_BLOCKS = YES;
				GCC_WARN_64_TO_32_BIT_CONVERSION = YES;
				GCC_WARN_ABOUT_RETURN_TYPE = YES_ERROR;
				GCC_WARN_UNDECLARED_SELECTOR = YES;
				GCC_WARN_UNINITIALIZED_AUTOS = YES_AGGRESSIVE;
				GCC_WARN_UNUSED_FUNCTION = YES;
				GCC_WARN_UNUSED_VARIABLE = YES;
				MTL_ENABLE_DEBUG_INFO = NO;
				MTL_FAST_MATH = YES;
				SWIFT_COMPILATION_MODE = wholemodule;
				SWIFT_OPTIMIZATION_LEVEL = "-O";
			};
			name = Release;
		};
		918292332945E08E001F6DF3 /* Debug */ = {
			isa = XCBuildConfiguration;
			buildSettings = {
				ASSETCATALOG_COMPILER_APPICON_NAME = AppIcon;
				ASSETCATALOG_COMPILER_GLOBAL_ACCENT_COLOR_NAME = AccentColor;
				CODE_SIGN_STYLE = Automatic;
				CURRENT_PROJECT_VERSION = 1;
				DEVELOPMENT_ASSET_PATHS = "\"Debate/Preview Content\"";
				DEVELOPMENT_TEAM = SGDBJPAB63;
				ENABLE_HARDENED_RUNTIME = YES;
				ENABLE_PREVIEWS = YES;
				GENERATE_INFOPLIST_FILE = YES;
				INFOPLIST_KEY_LSApplicationCategoryType = "public.app-category.education";
				"INFOPLIST_KEY_UIApplicationSceneManifest_Generation[sdk=iphoneos*]" = YES;
				"INFOPLIST_KEY_UIApplicationSceneManifest_Generation[sdk=iphonesimulator*]" = YES;
				"INFOPLIST_KEY_UIApplicationSupportsIndirectInputEvents[sdk=iphoneos*]" = YES;
				"INFOPLIST_KEY_UIApplicationSupportsIndirectInputEvents[sdk=iphonesimulator*]" = YES;
				"INFOPLIST_KEY_UILaunchScreen_Generation[sdk=iphoneos*]" = YES;
				"INFOPLIST_KEY_UILaunchScreen_Generation[sdk=iphonesimulator*]" = YES;
				"INFOPLIST_KEY_UIStatusBarStyle[sdk=iphoneos*]" = UIStatusBarStyleDefault;
				"INFOPLIST_KEY_UIStatusBarStyle[sdk=iphonesimulator*]" = UIStatusBarStyleDefault;
				INFOPLIST_KEY_UISupportedInterfaceOrientations = "UIInterfaceOrientationLandscapeLeft UIInterfaceOrientationLandscapeRight UIInterfaceOrientationPortrait UIInterfaceOrientationPortraitUpsideDown";
				IPHONEOS_DEPLOYMENT_TARGET = 16.1;
				LD_RUNPATH_SEARCH_PATHS = "@executable_path/Frameworks";
				"LD_RUNPATH_SEARCH_PATHS[sdk=macosx*]" = "@executable_path/../Frameworks";
				MACOSX_DEPLOYMENT_TARGET = 13.0;
				MARKETING_VERSION = 1.0;
				PRODUCT_BUNDLE_IDENTIFIER = com.IntuitiveMedLLC.Debate;
				PRODUCT_NAME = "$(TARGET_NAME)";
				SDKROOT = auto;
				SUPPORTED_PLATFORMS = "iphoneos iphonesimulator macosx";
				SWIFT_EMIT_LOC_STRINGS = YES;
				SWIFT_VERSION = 5.0;
				TARGETED_DEVICE_FAMILY = "1,2";
			};
			name = Debug;
		};
		918292342945E08E001F6DF3 /* Release */ = {
			isa = XCBuildConfiguration;
			buildSettings = {
				ASSETCATALOG_COMPILER_APPICON_NAME = AppIcon;
				ASSETCATALOG_COMPILER_GLOBAL_ACCENT_COLOR_NAME = AccentColor;
				CODE_SIGN_STYLE = Automatic;
				CURRENT_PROJECT_VERSION = 1;
				DEVELOPMENT_ASSET_PATHS = "\"Debate/Preview Content\"";
				DEVELOPMENT_TEAM = SGDBJPAB63;
				ENABLE_HARDENED_RUNTIME = YES;
				ENABLE_PREVIEWS = YES;
				GENERATE_INFOPLIST_FILE = YES;
				INFOPLIST_KEY_LSApplicationCategoryType = "public.app-category.education";
				"INFOPLIST_KEY_UIApplicationSceneManifest_Generation[sdk=iphoneos*]" = YES;
				"INFOPLIST_KEY_UIApplicationSceneManifest_Generation[sdk=iphonesimulator*]" = YES;
				"INFOPLIST_KEY_UIApplicationSupportsIndirectInputEvents[sdk=iphoneos*]" = YES;
				"INFOPLIST_KEY_UIApplicationSupportsIndirectInputEvents[sdk=iphonesimulator*]" = YES;
				"INFOPLIST_KEY_UILaunchScreen_Generation[sdk=iphoneos*]" = YES;
				"INFOPLIST_KEY_UILaunchScreen_Generation[sdk=iphonesimulator*]" = YES;
				"INFOPLIST_KEY_UIStatusBarStyle[sdk=iphoneos*]" = UIStatusBarStyleDefault;
				"INFOPLIST_KEY_UIStatusBarStyle[sdk=iphonesimulator*]" = UIStatusBarStyleDefault;
				INFOPLIST_KEY_UISupportedInterfaceOrientations = "UIInterfaceOrientationLandscapeLeft UIInterfaceOrientationLandscapeRight UIInterfaceOrientationPortrait UIInterfaceOrientationPortraitUpsideDown";
				IPHONEOS_DEPLOYMENT_TARGET = 16.1;
				LD_RUNPATH_SEARCH_PATHS = "@executable_path/Frameworks";
				"LD_RUNPATH_SEARCH_PATHS[sdk=macosx*]" = "@executable_path/../Frameworks";
				MACOSX_DEPLOYMENT_TARGET = 13.0;
				MARKETING_VERSION = 1.0;
				PRODUCT_BUNDLE_IDENTIFIER = com.IntuitiveMedLLC.Debate;
				PRODUCT_NAME = "$(TARGET_NAME)";
				SDKROOT = auto;
				SUPPORTED_PLATFORMS = "iphoneos iphonesimulator macosx";
				SWIFT_EMIT_LOC_STRINGS = YES;
				SWIFT_VERSION = 5.0;
				TARGETED_DEVICE_FAMILY = "1,2";
			};
			name = Release;
		};
		918292362945E08E001F6DF3 /* Debug */ = {
			isa = XCBuildConfiguration;
			buildSettings = {
				ALWAYS_EMBED_SWIFT_STANDARD_LIBRARIES = YES;
				BUNDLE_LOADER = "$(TEST_HOST)";
				CODE_SIGN_STYLE = Automatic;
				CURRENT_PROJECT_VERSION = 1;
				DEVELOPMENT_TEAM = SGDBJPAB63;
				GENERATE_INFOPLIST_FILE = YES;
				IPHONEOS_DEPLOYMENT_TARGET = 16.1;
				MACOSX_DEPLOYMENT_TARGET = 13.0;
				MARKETING_VERSION = 1.0;
				PRODUCT_BUNDLE_IDENTIFIER = com.IntuitiveMedLLC.DebateTests;
				PRODUCT_NAME = "$(TARGET_NAME)";
				SDKROOT = auto;
				SUPPORTED_PLATFORMS = "iphoneos iphonesimulator macosx";
				SWIFT_EMIT_LOC_STRINGS = NO;
				SWIFT_VERSION = 5.0;
				TARGETED_DEVICE_FAMILY = "1,2";
				TEST_HOST = "$(BUILT_PRODUCTS_DIR)/Debate.app/$(BUNDLE_EXECUTABLE_FOLDER_PATH)/Debate";
			};
			name = Debug;
		};
		918292372945E08E001F6DF3 /* Release */ = {
			isa = XCBuildConfiguration;
			buildSettings = {
				ALWAYS_EMBED_SWIFT_STANDARD_LIBRARIES = YES;
				BUNDLE_LOADER = "$(TEST_HOST)";
				CODE_SIGN_STYLE = Automatic;
				CURRENT_PROJECT_VERSION = 1;
				DEVELOPMENT_TEAM = SGDBJPAB63;
				GENERATE_INFOPLIST_FILE = YES;
				IPHONEOS_DEPLOYMENT_TARGET = 16.1;
				MACOSX_DEPLOYMENT_TARGET = 13.0;
				MARKETING_VERSION = 1.0;
				PRODUCT_BUNDLE_IDENTIFIER = com.IntuitiveMedLLC.DebateTests;
				PRODUCT_NAME = "$(TARGET_NAME)";
				SDKROOT = auto;
				SUPPORTED_PLATFORMS = "iphoneos iphonesimulator macosx";
				SWIFT_EMIT_LOC_STRINGS = NO;
				SWIFT_VERSION = 5.0;
				TARGETED_DEVICE_FAMILY = "1,2";
				TEST_HOST = "$(BUILT_PRODUCTS_DIR)/Debate.app/$(BUNDLE_EXECUTABLE_FOLDER_PATH)/Debate";
			};
			name = Release;
		};
		918292392945E08E001F6DF3 /* Debug */ = {
			isa = XCBuildConfiguration;
			buildSettings = {
				ALWAYS_EMBED_SWIFT_STANDARD_LIBRARIES = YES;
				CODE_SIGN_STYLE = Automatic;
				CURRENT_PROJECT_VERSION = 1;
				DEVELOPMENT_TEAM = SGDBJPAB63;
				GENERATE_INFOPLIST_FILE = YES;
				IPHONEOS_DEPLOYMENT_TARGET = 16.1;
				MACOSX_DEPLOYMENT_TARGET = 13.0;
				MARKETING_VERSION = 1.0;
				PRODUCT_BUNDLE_IDENTIFIER = com.IntuitiveMedLLC.DebateUITests;
				PRODUCT_NAME = "$(TARGET_NAME)";
				SDKROOT = auto;
				SUPPORTED_PLATFORMS = "iphoneos iphonesimulator macosx";
				SWIFT_EMIT_LOC_STRINGS = NO;
				SWIFT_VERSION = 5.0;
				TARGETED_DEVICE_FAMILY = "1,2";
				TEST_TARGET_NAME = Debate;
			};
			name = Debug;
		};
		9182923A2945E08E001F6DF3 /* Release */ = {
			isa = XCBuildConfiguration;
			buildSettings = {
				ALWAYS_EMBED_SWIFT_STANDARD_LIBRARIES = YES;
				CODE_SIGN_STYLE = Automatic;
				CURRENT_PROJECT_VERSION = 1;
				DEVELOPMENT_TEAM = SGDBJPAB63;
				GENERATE_INFOPLIST_FILE = YES;
				IPHONEOS_DEPLOYMENT_TARGET = 16.1;
				MACOSX_DEPLOYMENT_TARGET = 13.0;
				MARKETING_VERSION = 1.0;
				PRODUCT_BUNDLE_IDENTIFIER = com.IntuitiveMedLLC.DebateUITests;
				PRODUCT_NAME = "$(TARGET_NAME)";
				SDKROOT = auto;
				SUPPORTED_PLATFORMS = "iphoneos iphonesimulator macosx";
				SWIFT_EMIT_LOC_STRINGS = NO;
				SWIFT_VERSION = 5.0;
				TARGETED_DEVICE_FAMILY = "1,2";
				TEST_TARGET_NAME = Debate;
			};
			name = Release;
		};
/* End XCBuildConfiguration section */

/* Begin XCConfigurationList section */
		918292082945E08D001F6DF3 /* Build configuration list for PBXProject "Debate" */ = {
			isa = XCConfigurationList;
			buildConfigurations = (
				918292302945E08E001F6DF3 /* Debug */,
				918292312945E08E001F6DF3 /* Release */,
			);
			defaultConfigurationIsVisible = 0;
			defaultConfigurationName = Release;
		};
		918292322945E08E001F6DF3 /* Build configuration list for PBXNativeTarget "Debate" */ = {
			isa = XCConfigurationList;
			buildConfigurations = (
				918292332945E08E001F6DF3 /* Debug */,
				918292342945E08E001F6DF3 /* Release */,
			);
			defaultConfigurationIsVisible = 0;
			defaultConfigurationName = Release;
		};
		918292352945E08E001F6DF3 /* Build configuration list for PBXNativeTarget "DebateTests" */ = {
			isa = XCConfigurationList;
			buildConfigurations = (
				918292362945E08E001F6DF3 /* Debug */,
				918292372945E08E001F6DF3 /* Release */,
			);
			defaultConfigurationIsVisible = 0;
			defaultConfigurationName = Release;
		};
		918292382945E08E001F6DF3 /* Build configuration list for PBXNativeTarget "DebateUITests" */ = {
			isa = XCConfigurationList;
			buildConfigurations = (
				918292392945E08E001F6DF3 /* Debug */,
				9182923A2945E08E001F6DF3 /* Release */,
			);
			defaultConfigurationIsVisible = 0;
			defaultConfigurationName = Release;
		};
/* End XCConfigurationList section */

/* Begin XCVersionGroup section */
		9182923E2945E0D5001F6DF3 /* CoreDataModel.xcdatamodeld */ = {
			isa = XCVersionGroup;
			children = (
				9182923F2945E0D5001F6DF3 /* CoreDataModel.xcdatamodel */,
			);
			currentVersion = 9182923F2945E0D5001F6DF3 /* CoreDataModel.xcdatamodel */;
			path = CoreDataModel.xcdatamodeld;
			sourceTree = "<group>";
			versionGroupType = wrapper.xcdatamodel;
		};
/* End XCVersionGroup section */
	};
	rootObject = 918292052945E08D001F6DF3 /* Project object */;
}
